// !$*UTF8*$!
{
	archiveVersion = 1;
	classes = {
	};
	objectVersion = 50;
	objects = {

/* Begin PBXBuildFile section */
		2C5EA54F213B61B600846BC3 /* AppDelegate.swift in Sources */ = {isa = PBXBuildFile; fileRef = 2C5EA54E213B61B600846BC3 /* AppDelegate.swift */; };
		2C5EA551213B61B600846BC3 /* ViewController.swift in Sources */ = {isa = PBXBuildFile; fileRef = 2C5EA550213B61B600846BC3 /* ViewController.swift */; };
		2C5EA554213B61B600846BC3 /* Main.storyboard in Resources */ = {isa = PBXBuildFile; fileRef = 2C5EA552213B61B600846BC3 /* Main.storyboard */; };
		2C5EA557213B61B600846BC3 /* HygieaWasteSortingAppIOS.xcdatamodeld in Sources */ = {isa = PBXBuildFile; fileRef = 2C5EA555213B61B600846BC3 /* HygieaWasteSortingAppIOS.xcdatamodeld */; };
		2C5EA559213B61B900846BC3 /* Assets.xcassets in Resources */ = {isa = PBXBuildFile; fileRef = 2C5EA558213B61B900846BC3 /* Assets.xcassets */; };
		2C5EA55C213B61B900846BC3 /* LaunchScreen.storyboard in Resources */ = {isa = PBXBuildFile; fileRef = 2C5EA55A213B61B900846BC3 /* LaunchScreen.storyboard */; };
		2C5EA567213B61B900846BC3 /* HygieaWasteSortingAppIOSTests.swift in Sources */ = {isa = PBXBuildFile; fileRef = 2C5EA566213B61B900846BC3 /* HygieaWasteSortingAppIOSTests.swift */; };
		2C5EA572213B61B900846BC3 /* HygieaWasteSortingAppIOSUITests.swift in Sources */ = {isa = PBXBuildFile; fileRef = 2C5EA571213B61B900846BC3 /* HygieaWasteSortingAppIOSUITests.swift */; };
		2C9B8FA1214F520A000307EB /* LoginViewController.swift in Sources */ = {isa = PBXBuildFile; fileRef = 2C9B8FA0214F520A000307EB /* LoginViewController.swift */; };
		2C9B8FA5214F52CA000307EB /* SignUpViewController.swift in Sources */ = {isa = PBXBuildFile; fileRef = 2C9B8FA4214F52CA000307EB /* SignUpViewController.swift */; };
		2C9B8FA7214F53BB000307EB /* ImageViewController.swift in Sources */ = {isa = PBXBuildFile; fileRef = 2C9B8FA6214F53BB000307EB /* ImageViewController.swift */; };
		2C9B8FA921536EC8000307EB /* ActIndicatorViewController.swift in Sources */ = {isa = PBXBuildFile; fileRef = 2C9B8FA821536EC8000307EB /* ActIndicatorViewController.swift */; };
		2C9B8FAB2153804B000307EB /* ResultViewController.swift in Sources */ = {isa = PBXBuildFile; fileRef = 2C9B8FAA2153804A000307EB /* ResultViewController.swift */; };
/* End PBXBuildFile section */

/* Begin PBXContainerItemProxy section */
		2C5EA563213B61B900846BC3 /* PBXContainerItemProxy */ = {
			isa = PBXContainerItemProxy;
			containerPortal = 2C5EA543213B61B600846BC3 /* Project object */;
			proxyType = 1;
			remoteGlobalIDString = 2C5EA54A213B61B600846BC3;
			remoteInfo = HygieaWasteSortingAppIOS;
		};
		2C5EA56E213B61B900846BC3 /* PBXContainerItemProxy */ = {
			isa = PBXContainerItemProxy;
			containerPortal = 2C5EA543213B61B600846BC3 /* Project object */;
			proxyType = 1;
			remoteGlobalIDString = 2C5EA54A213B61B600846BC3;
			remoteInfo = HygieaWasteSortingAppIOS;
		};
/* End PBXContainerItemProxy section */

/* Begin PBXFileReference section */
		2C5EA54B213B61B600846BC3 /* HygieaWasteSortingAppIOS.app */ = {isa = PBXFileReference; explicitFileType = wrapper.application; includeInIndex = 0; path = HygieaWasteSortingAppIOS.app; sourceTree = BUILT_PRODUCTS_DIR; };
		2C5EA54E213B61B600846BC3 /* AppDelegate.swift */ = {isa = PBXFileReference; lastKnownFileType = sourcecode.swift; path = AppDelegate.swift; sourceTree = "<group>"; };
		2C5EA550213B61B600846BC3 /* ViewController.swift */ = {isa = PBXFileReference; lastKnownFileType = sourcecode.swift; path = ViewController.swift; sourceTree = "<group>"; };
		2C5EA553213B61B600846BC3 /* Base */ = {isa = PBXFileReference; lastKnownFileType = file.storyboard; name = Base; path = Base.lproj/Main.storyboard; sourceTree = "<group>"; };
		2C5EA556213B61B600846BC3 /* HygieaWasteSortingAppIOS.xcdatamodel */ = {isa = PBXFileReference; lastKnownFileType = wrapper.xcdatamodel; path = HygieaWasteSortingAppIOS.xcdatamodel; sourceTree = "<group>"; };
		2C5EA558213B61B900846BC3 /* Assets.xcassets */ = {isa = PBXFileReference; lastKnownFileType = folder.assetcatalog; path = Assets.xcassets; sourceTree = "<group>"; };
		2C5EA55B213B61B900846BC3 /* Base */ = {isa = PBXFileReference; lastKnownFileType = file.storyboard; name = Base; path = Base.lproj/LaunchScreen.storyboard; sourceTree = "<group>"; };
		2C5EA55D213B61B900846BC3 /* Info.plist */ = {isa = PBXFileReference; lastKnownFileType = text.plist.xml; path = Info.plist; sourceTree = "<group>"; };
		2C5EA562213B61B900846BC3 /* HygieaWasteSortingAppIOSTests.xctest */ = {isa = PBXFileReference; explicitFileType = wrapper.cfbundle; includeInIndex = 0; path = HygieaWasteSortingAppIOSTests.xctest; sourceTree = BUILT_PRODUCTS_DIR; };
		2C5EA566213B61B900846BC3 /* HygieaWasteSortingAppIOSTests.swift */ = {isa = PBXFileReference; lastKnownFileType = sourcecode.swift; path = HygieaWasteSortingAppIOSTests.swift; sourceTree = "<group>"; };
		2C5EA568213B61B900846BC3 /* Info.plist */ = {isa = PBXFileReference; lastKnownFileType = text.plist.xml; path = Info.plist; sourceTree = "<group>"; };
		2C5EA56D213B61B900846BC3 /* HygieaWasteSortingAppIOSUITests.xctest */ = {isa = PBXFileReference; explicitFileType = wrapper.cfbundle; includeInIndex = 0; path = HygieaWasteSortingAppIOSUITests.xctest; sourceTree = BUILT_PRODUCTS_DIR; };
		2C5EA571213B61B900846BC3 /* HygieaWasteSortingAppIOSUITests.swift */ = {isa = PBXFileReference; lastKnownFileType = sourcecode.swift; path = HygieaWasteSortingAppIOSUITests.swift; sourceTree = "<group>"; };
		2C5EA573213B61B900846BC3 /* Info.plist */ = {isa = PBXFileReference; lastKnownFileType = text.plist.xml; path = Info.plist; sourceTree = "<group>"; };
		2C9B8FA0214F520A000307EB /* LoginViewController.swift */ = {isa = PBXFileReference; lastKnownFileType = sourcecode.swift; path = LoginViewController.swift; sourceTree = "<group>"; };
		2C9B8FA4214F52CA000307EB /* SignUpViewController.swift */ = {isa = PBXFileReference; lastKnownFileType = sourcecode.swift; path = SignUpViewController.swift; sourceTree = "<group>"; };
		2C9B8FA6214F53BB000307EB /* ImageViewController.swift */ = {isa = PBXFileReference; lastKnownFileType = sourcecode.swift; path = ImageViewController.swift; sourceTree = "<group>"; };
		2C9B8FA821536EC8000307EB /* ActIndicatorViewController.swift */ = {isa = PBXFileReference; lastKnownFileType = sourcecode.swift; path = ActIndicatorViewController.swift; sourceTree = "<group>"; };
		2C9B8FAA2153804A000307EB /* ResultViewController.swift */ = {isa = PBXFileReference; lastKnownFileType = sourcecode.swift; path = ResultViewController.swift; sourceTree = "<group>"; };
/* End PBXFileReference section */

/* Begin PBXFrameworksBuildPhase section */
		2C5EA548213B61B600846BC3 /* Frameworks */ = {
			isa = PBXFrameworksBuildPhase;
			buildActionMask = 2147483647;
			files = (
			);
			runOnlyForDeploymentPostprocessing = 0;
		};
		2C5EA55F213B61B900846BC3 /* Frameworks */ = {
			isa = PBXFrameworksBuildPhase;
			buildActionMask = 2147483647;
			files = (
			);
			runOnlyForDeploymentPostprocessing = 0;
		};
		2C5EA56A213B61B900846BC3 /* Frameworks */ = {
			isa = PBXFrameworksBuildPhase;
			buildActionMask = 2147483647;
			files = (
			);
			runOnlyForDeploymentPostprocessing = 0;
		};
/* End PBXFrameworksBuildPhase section */

/* Begin PBXGroup section */
		2C5EA542213B61B600846BC3 = {
			isa = PBXGroup;
			children = (
				2C5EA54D213B61B600846BC3 /* HygieaWasteSortingAppIOS */,
				2C5EA565213B61B900846BC3 /* HygieaWasteSortingAppIOSTests */,
				2C5EA570213B61B900846BC3 /* HygieaWasteSortingAppIOSUITests */,
				2C5EA54C213B61B600846BC3 /* Products */,
			);
			sourceTree = "<group>";
		};
		2C5EA54C213B61B600846BC3 /* Products */ = {
			isa = PBXGroup;
			children = (
				2C5EA54B213B61B600846BC3 /* HygieaWasteSortingAppIOS.app */,
				2C5EA562213B61B900846BC3 /* HygieaWasteSortingAppIOSTests.xctest */,
				2C5EA56D213B61B900846BC3 /* HygieaWasteSortingAppIOSUITests.xctest */,
			);
			name = Products;
			sourceTree = "<group>";
		};
		2C5EA54D213B61B600846BC3 /* HygieaWasteSortingAppIOS */ = {
			isa = PBXGroup;
			children = (
				2C5EA54E213B61B600846BC3 /* AppDelegate.swift */,
				2C9B8FA821536EC8000307EB /* ActIndicatorViewController.swift */,
				2C9B8FA4214F52CA000307EB /* SignUpViewController.swift */,
				2C5EA550213B61B600846BC3 /* ViewController.swift */,
				2C5EA552213B61B600846BC3 /* Main.storyboard */,
				2C9B8FA0214F520A000307EB /* LoginViewController.swift */,
				2C9B8FAA2153804A000307EB /* ResultViewController.swift */,
				2C9B8FA6214F53BB000307EB /* ImageViewController.swift */,
				2C5EA558213B61B900846BC3 /* Assets.xcassets */,
				2C5EA55A213B61B900846BC3 /* LaunchScreen.storyboard */,
				2C5EA55D213B61B900846BC3 /* Info.plist */,
				2C5EA555213B61B600846BC3 /* HygieaWasteSortingAppIOS.xcdatamodeld */,
			);
			path = HygieaWasteSortingAppIOS;
			sourceTree = "<group>";
		};
		2C5EA565213B61B900846BC3 /* HygieaWasteSortingAppIOSTests */ = {
			isa = PBXGroup;
			children = (
				2C5EA566213B61B900846BC3 /* HygieaWasteSortingAppIOSTests.swift */,
				2C5EA568213B61B900846BC3 /* Info.plist */,
			);
			path = HygieaWasteSortingAppIOSTests;
			sourceTree = "<group>";
		};
		2C5EA570213B61B900846BC3 /* HygieaWasteSortingAppIOSUITests */ = {
			isa = PBXGroup;
			children = (
				2C5EA571213B61B900846BC3 /* HygieaWasteSortingAppIOSUITests.swift */,
				2C5EA573213B61B900846BC3 /* Info.plist */,
			);
			path = HygieaWasteSortingAppIOSUITests;
			sourceTree = "<group>";
		};
/* End PBXGroup section */

/* Begin PBXNativeTarget section */
		2C5EA54A213B61B600846BC3 /* HygieaWasteSortingAppIOS */ = {
			isa = PBXNativeTarget;
			buildConfigurationList = 2C5EA576213B61B900846BC3 /* Build configuration list for PBXNativeTarget "HygieaWasteSortingAppIOS" */;
			buildPhases = (
				2C5EA547213B61B600846BC3 /* Sources */,
				2C5EA548213B61B600846BC3 /* Frameworks */,
				2C5EA549213B61B600846BC3 /* Resources */,
			);
			buildRules = (
			);
			dependencies = (
			);
			name = HygieaWasteSortingAppIOS;
			productName = HygieaWasteSortingAppIOS;
			productReference = 2C5EA54B213B61B600846BC3 /* HygieaWasteSortingAppIOS.app */;
			productType = "com.apple.product-type.application";
		};
		2C5EA561213B61B900846BC3 /* HygieaWasteSortingAppIOSTests */ = {
			isa = PBXNativeTarget;
			buildConfigurationList = 2C5EA579213B61B900846BC3 /* Build configuration list for PBXNativeTarget "HygieaWasteSortingAppIOSTests" */;
			buildPhases = (
				2C5EA55E213B61B900846BC3 /* Sources */,
				2C5EA55F213B61B900846BC3 /* Frameworks */,
				2C5EA560213B61B900846BC3 /* Resources */,
			);
			buildRules = (
			);
			dependencies = (
				2C5EA564213B61B900846BC3 /* PBXTargetDependency */,
			);
			name = HygieaWasteSortingAppIOSTests;
			productName = HygieaWasteSortingAppIOSTests;
			productReference = 2C5EA562213B61B900846BC3 /* HygieaWasteSortingAppIOSTests.xctest */;
			productType = "com.apple.product-type.bundle.unit-test";
		};
		2C5EA56C213B61B900846BC3 /* HygieaWasteSortingAppIOSUITests */ = {
			isa = PBXNativeTarget;
			buildConfigurationList = 2C5EA57C213B61B900846BC3 /* Build configuration list for PBXNativeTarget "HygieaWasteSortingAppIOSUITests" */;
			buildPhases = (
				2C5EA569213B61B900846BC3 /* Sources */,
				2C5EA56A213B61B900846BC3 /* Frameworks */,
				2C5EA56B213B61B900846BC3 /* Resources */,
			);
			buildRules = (
			);
			dependencies = (
				2C5EA56F213B61B900846BC3 /* PBXTargetDependency */,
			);
			name = HygieaWasteSortingAppIOSUITests;
			productName = HygieaWasteSortingAppIOSUITests;
			productReference = 2C5EA56D213B61B900846BC3 /* HygieaWasteSortingAppIOSUITests.xctest */;
			productType = "com.apple.product-type.bundle.ui-testing";
		};
/* End PBXNativeTarget section */

/* Begin PBXProject section */
		2C5EA543213B61B600846BC3 /* Project object */ = {
			isa = PBXProject;
			attributes = {
				LastSwiftUpdateCheck = 0930;
				LastUpgradeCheck = 0930;
				ORGANIZATIONNAME = "Arizona State University";
				TargetAttributes = {
					2C5EA54A213B61B600846BC3 = {
						CreatedOnToolsVersion = 9.3;
						LastSwiftMigration = 1000;
					};
					2C5EA561213B61B900846BC3 = {
						CreatedOnToolsVersion = 9.3;
						LastSwiftMigration = 1000;
						TestTargetID = 2C5EA54A213B61B600846BC3;
					};
					2C5EA56C213B61B900846BC3 = {
						CreatedOnToolsVersion = 9.3;
						LastSwiftMigration = 1000;
						TestTargetID = 2C5EA54A213B61B600846BC3;
					};
				};
			};
			buildConfigurationList = 2C5EA546213B61B600846BC3 /* Build configuration list for PBXProject "HygieaWasteSortingAppIOS" */;
			compatibilityVersion = "Xcode 9.3";
			developmentRegion = en;
			hasScannedForEncodings = 0;
			knownRegions = (
				en,
				Base,
			);
			mainGroup = 2C5EA542213B61B600846BC3;
			productRefGroup = 2C5EA54C213B61B600846BC3 /* Products */;
			projectDirPath = "";
			projectRoot = "";
			targets = (
				2C5EA54A213B61B600846BC3 /* HygieaWasteSortingAppIOS */,
				2C5EA561213B61B900846BC3 /* HygieaWasteSortingAppIOSTests */,
				2C5EA56C213B61B900846BC3 /* HygieaWasteSortingAppIOSUITests */,
			);
		};
/* End PBXProject section */

/* Begin PBXResourcesBuildPhase section */
		2C5EA549213B61B600846BC3 /* Resources */ = {
			isa = PBXResourcesBuildPhase;
			buildActionMask = 2147483647;
			files = (
				2C5EA55C213B61B900846BC3 /* LaunchScreen.storyboard in Resources */,
				2C5EA559213B61B900846BC3 /* Assets.xcassets in Resources */,
				2C5EA554213B61B600846BC3 /* Main.storyboard in Resources */,
			);
			runOnlyForDeploymentPostprocessing = 0;
		};
		2C5EA560213B61B900846BC3 /* Resources */ = {
			isa = PBXResourcesBuildPhase;
			buildActionMask = 2147483647;
			files = (
			);
			runOnlyForDeploymentPostprocessing = 0;
		};
		2C5EA56B213B61B900846BC3 /* Resources */ = {
			isa = PBXResourcesBuildPhase;
			buildActionMask = 2147483647;
			files = (
			);
			runOnlyForDeploymentPostprocessing = 0;
		};
/* End PBXResourcesBuildPhase section */

/* Begin PBXSourcesBuildPhase section */
		2C5EA547213B61B600846BC3 /* Sources */ = {
			isa = PBXSourcesBuildPhase;
			buildActionMask = 2147483647;
			files = (
				2C9B8FA5214F52CA000307EB /* SignUpViewController.swift in Sources */,
				2C5EA557213B61B600846BC3 /* HygieaWasteSortingAppIOS.xcdatamodeld in Sources */,
				2C5EA551213B61B600846BC3 /* ViewController.swift in Sources */,
				2C9B8FAB2153804B000307EB /* ResultViewController.swift in Sources */,
				2C9B8FA7214F53BB000307EB /* ImageViewController.swift in Sources */,
				2C5EA54F213B61B600846BC3 /* AppDelegate.swift in Sources */,
				2C9B8FA1214F520A000307EB /* LoginViewController.swift in Sources */,
				2C9B8FA921536EC8000307EB /* ActIndicatorViewController.swift in Sources */,
			);
			runOnlyForDeploymentPostprocessing = 0;
		};
		2C5EA55E213B61B900846BC3 /* Sources */ = {
			isa = PBXSourcesBuildPhase;
			buildActionMask = 2147483647;
			files = (
				2C5EA567213B61B900846BC3 /* HygieaWasteSortingAppIOSTests.swift in Sources */,
			);
			runOnlyForDeploymentPostprocessing = 0;
		};
		2C5EA569213B61B900846BC3 /* Sources */ = {
			isa = PBXSourcesBuildPhase;
			buildActionMask = 2147483647;
			files = (
				2C5EA572213B61B900846BC3 /* HygieaWasteSortingAppIOSUITests.swift in Sources */,
			);
			runOnlyForDeploymentPostprocessing = 0;
		};
/* End PBXSourcesBuildPhase section */

/* Begin PBXTargetDependency section */
		2C5EA564213B61B900846BC3 /* PBXTargetDependency */ = {
			isa = PBXTargetDependency;
			target = 2C5EA54A213B61B600846BC3 /* HygieaWasteSortingAppIOS */;
			targetProxy = 2C5EA563213B61B900846BC3 /* PBXContainerItemProxy */;
		};
		2C5EA56F213B61B900846BC3 /* PBXTargetDependency */ = {
			isa = PBXTargetDependency;
			target = 2C5EA54A213B61B600846BC3 /* HygieaWasteSortingAppIOS */;
			targetProxy = 2C5EA56E213B61B900846BC3 /* PBXContainerItemProxy */;
		};
/* End PBXTargetDependency section */

/* Begin PBXVariantGroup section */
		2C5EA552213B61B600846BC3 /* Main.storyboard */ = {
			isa = PBXVariantGroup;
			children = (
				2C5EA553213B61B600846BC3 /* Base */,
			);
			name = Main.storyboard;
			sourceTree = "<group>";
		};
		2C5EA55A213B61B900846BC3 /* LaunchScreen.storyboard */ = {
			isa = PBXVariantGroup;
			children = (
				2C5EA55B213B61B900846BC3 /* Base */,
			);
			name = LaunchScreen.storyboard;
			sourceTree = "<group>";
		};
/* End PBXVariantGroup section */

/* Begin XCBuildConfiguration section */
		2C5EA574213B61B900846BC3 /* Debug */ = {
			isa = XCBuildConfiguration;
			buildSettings = {
				ALWAYS_SEARCH_USER_PATHS = NO;
				CLANG_ANALYZER_NONNULL = YES;
				CLANG_ANALYZER_NUMBER_OBJECT_CONVERSION = YES_AGGRESSIVE;
				CLANG_CXX_LANGUAGE_STANDARD = "gnu++14";
				CLANG_CXX_LIBRARY = "libc++";
				CLANG_ENABLE_MODULES = YES;
				CLANG_ENABLE_OBJC_ARC = YES;
				CLANG_ENABLE_OBJC_WEAK = YES;
				CLANG_WARN_BLOCK_CAPTURE_AUTORELEASING = YES;
				CLANG_WARN_BOOL_CONVERSION = YES;
				CLANG_WARN_COMMA = YES;
				CLANG_WARN_CONSTANT_CONVERSION = YES;
				CLANG_WARN_DEPRECATED_OBJC_IMPLEMENTATIONS = YES;
				CLANG_WARN_DIRECT_OBJC_ISA_USAGE = YES_ERROR;
				CLANG_WARN_DOCUMENTATION_COMMENTS = YES;
				CLANG_WARN_EMPTY_BODY = YES;
				CLANG_WARN_ENUM_CONVERSION = YES;
				CLANG_WARN_INFINITE_RECURSION = YES;
				CLANG_WARN_INT_CONVERSION = YES;
				CLANG_WARN_NON_LITERAL_NULL_CONVERSION = YES;
				CLANG_WARN_OBJC_IMPLICIT_RETAIN_SELF = YES;
				CLANG_WARN_OBJC_LITERAL_CONVERSION = YES;
				CLANG_WARN_OBJC_ROOT_CLASS = YES_ERROR;
				CLANG_WARN_RANGE_LOOP_ANALYSIS = YES;
				CLANG_WARN_STRICT_PROTOTYPES = YES;
				CLANG_WARN_SUSPICIOUS_MOVE = YES;
				CLANG_WARN_UNGUARDED_AVAILABILITY = YES_AGGRESSIVE;
				CLANG_WARN_UNREACHABLE_CODE = YES;
				CLANG_WARN__DUPLICATE_METHOD_MATCH = YES;
				CODE_SIGN_IDENTITY = "iPhone Developer";
				COPY_PHASE_STRIP = NO;
				DEBUG_INFORMATION_FORMAT = dwarf;
				ENABLE_STRICT_OBJC_MSGSEND = YES;
				ENABLE_TESTABILITY = YES;
				GCC_C_LANGUAGE_STANDARD = gnu11;
				GCC_DYNAMIC_NO_PIC = NO;
				GCC_NO_COMMON_BLOCKS = YES;
				GCC_OPTIMIZATION_LEVEL = 0;
				GCC_PREPROCESSOR_DEFINITIONS = (
					"DEBUG=1",
					"$(inherited)",
				);
				GCC_WARN_64_TO_32_BIT_CONVERSION = YES;
				GCC_WARN_ABOUT_RETURN_TYPE = YES_ERROR;
				GCC_WARN_UNDECLARED_SELECTOR = YES;
				GCC_WARN_UNINITIALIZED_AUTOS = YES_AGGRESSIVE;
				GCC_WARN_UNUSED_FUNCTION = YES;
				GCC_WARN_UNUSED_VARIABLE = YES;
				IPHONEOS_DEPLOYMENT_TARGET = 11.3;
				MTL_ENABLE_DEBUG_INFO = YES;
				ONLY_ACTIVE_ARCH = YES;
				SDKROOT = iphoneos;
				SWIFT_ACTIVE_COMPILATION_CONDITIONS = DEBUG;
				SWIFT_OPTIMIZATION_LEVEL = "-Onone";
			};
			name = Debug;
		};
		2C5EA575213B61B900846BC3 /* Release */ = {
			isa = XCBuildConfiguration;
			buildSettings = {
				ALWAYS_SEARCH_USER_PATHS = NO;
				CLANG_ANALYZER_NONNULL = YES;
				CLANG_ANALYZER_NUMBER_OBJECT_CONVERSION = YES_AGGRESSIVE;
				CLANG_CXX_LANGUAGE_STANDARD = "gnu++14";
				CLANG_CXX_LIBRARY = "libc++";
				CLANG_ENABLE_MODULES = YES;
				CLANG_ENABLE_OBJC_ARC = YES;
				CLANG_ENABLE_OBJC_WEAK = YES;
				CLANG_WARN_BLOCK_CAPTURE_AUTORELEASING = YES;
				CLANG_WARN_BOOL_CONVERSION = YES;
				CLANG_WARN_COMMA = YES;
				CLANG_WARN_CONSTANT_CONVERSION = YES;
				CLANG_WARN_DEPRECATED_OBJC_IMPLEMENTATIONS = YES;
				CLANG_WARN_DIRECT_OBJC_ISA_USAGE = YES_ERROR;
				CLANG_WARN_DOCUMENTATION_COMMENTS = YES;
				CLANG_WARN_EMPTY_BODY = YES;
				CLANG_WARN_ENUM_CONVERSION = YES;
				CLANG_WARN_INFINITE_RECURSION = YES;
				CLANG_WARN_INT_CONVERSION = YES;
				CLANG_WARN_NON_LITERAL_NULL_CONVERSION = YES;
				CLANG_WARN_OBJC_IMPLICIT_RETAIN_SELF = YES;
				CLANG_WARN_OBJC_LITERAL_CONVERSION = YES;
				CLANG_WARN_OBJC_ROOT_CLASS = YES_ERROR;
				CLANG_WARN_RANGE_LOOP_ANALYSIS = YES;
				CLANG_WARN_STRICT_PROTOTYPES = YES;
				CLANG_WARN_SUSPICIOUS_MOVE = YES;
				CLANG_WARN_UNGUARDED_AVAILABILITY = YES_AGGRESSIVE;
				CLANG_WARN_UNREACHABLE_CODE = YES;
				CLANG_WARN__DUPLICATE_METHOD_MATCH = YES;
				CODE_SIGN_IDENTITY = "iPhone Developer";
				COPY_PHASE_STRIP = NO;
				DEBUG_INFORMATION_FORMAT = "dwarf-with-dsym";
				ENABLE_NS_ASSERTIONS = NO;
				ENABLE_STRICT_OBJC_MSGSEND = YES;
				GCC_C_LANGUAGE_STANDARD = gnu11;
				GCC_NO_COMMON_BLOCKS = YES;
				GCC_WARN_64_TO_32_BIT_CONVERSION = YES;
				GCC_WARN_ABOUT_RETURN_TYPE = YES_ERROR;
				GCC_WARN_UNDECLARED_SELECTOR = YES;
				GCC_WARN_UNINITIALIZED_AUTOS = YES_AGGRESSIVE;
				GCC_WARN_UNUSED_FUNCTION = YES;
				GCC_WARN_UNUSED_VARIABLE = YES;
				IPHONEOS_DEPLOYMENT_TARGET = 11.3;
				MTL_ENABLE_DEBUG_INFO = NO;
				SDKROOT = iphoneos;
				SWIFT_COMPILATION_MODE = wholemodule;
				SWIFT_OPTIMIZATION_LEVEL = "-O";
				VALIDATE_PRODUCT = YES;
			};
			name = Release;
		};
		2C5EA577213B61B900846BC3 /* Debug */ = {
			isa = XCBuildConfiguration;
			buildSettings = {
				ASSETCATALOG_COMPILER_APPICON_NAME = AppIcon;
				CODE_SIGN_STYLE = Automatic;
				DEVELOPMENT_TEAM = 2KH2Q727NM;
				INFOPLIST_FILE = HygieaWasteSortingAppIOS/Info.plist;
				LD_RUNPATH_SEARCH_PATHS = (
					"$(inherited)",
					"@executable_path/Frameworks",
				);
				PRODUCT_BUNDLE_IDENTIFIER = edu.asu.bsse.jaalbin.HygieaWasteSortingAppIOS;
				PRODUCT_NAME = "$(TARGET_NAME)";
				SWIFT_VERSION = 4.2;
				TARGETED_DEVICE_FAMILY = "1,2";
			};
			name = Debug;
		};
		2C5EA578213B61B900846BC3 /* Release */ = {
			isa = XCBuildConfiguration;
			buildSettings = {
				ASSETCATALOG_COMPILER_APPICON_NAME = AppIcon;
				CODE_SIGN_STYLE = Automatic;
				DEVELOPMENT_TEAM = 2KH2Q727NM;
				INFOPLIST_FILE = HygieaWasteSortingAppIOS/Info.plist;
				LD_RUNPATH_SEARCH_PATHS = (
					"$(inherited)",
					"@executable_path/Frameworks",
				);
				PRODUCT_BUNDLE_IDENTIFIER = edu.asu.bsse.jaalbin.HygieaWasteSortingAppIOS;
				PRODUCT_NAME = "$(TARGET_NAME)";
				SWIFT_VERSION = 4.2;
				TARGETED_DEVICE_FAMILY = "1,2";
			};
			name = Release;
		};
		2C5EA57A213B61B900846BC3 /* Debug */ = {
			isa = XCBuildConfiguration;
			buildSettings = {
				ALWAYS_EMBED_SWIFT_STANDARD_LIBRARIES = YES;
				BUNDLE_LOADER = "$(TEST_HOST)";
				CODE_SIGN_STYLE = Automatic;
				INFOPLIST_FILE = HygieaWasteSortingAppIOSTests/Info.plist;
				LD_RUNPATH_SEARCH_PATHS = (
					"$(inherited)",
					"@executable_path/Frameworks",
					"@loader_path/Frameworks",
				);
				PRODUCT_BUNDLE_IDENTIFIER = edu.asu.bsse.halgham2.HygieaWasteSortingAppIOSTests;
				PRODUCT_NAME = "$(TARGET_NAME)";
				SWIFT_VERSION = 4.2;
				TARGETED_DEVICE_FAMILY = "1,2";
				TEST_HOST = "$(BUILT_PRODUCTS_DIR)/HygieaWasteSortingAppIOS.app/HygieaWasteSortingAppIOS";
			};
			name = Debug;
		};
		2C5EA57B213B61B900846BC3 /* Release */ = {
			isa = XCBuildConfiguration;
			buildSettings = {
				ALWAYS_EMBED_SWIFT_STANDARD_LIBRARIES = YES;
				BUNDLE_LOADER = "$(TEST_HOST)";
				CODE_SIGN_STYLE = Automatic;
				INFOPLIST_FILE = HygieaWasteSortingAppIOSTests/Info.plist;
				LD_RUNPATH_SEARCH_PATHS = (
					"$(inherited)",
					"@executable_path/Frameworks",
					"@loader_path/Frameworks",
				);
				PRODUCT_BUNDLE_IDENTIFIER = edu.asu.bsse.halgham2.HygieaWasteSortingAppIOSTests;
				PRODUCT_NAME = "$(TARGET_NAME)";
				SWIFT_VERSION = 4.2;
				TARGETED_DEVICE_FAMILY = "1,2";
				TEST_HOST = "$(BUILT_PRODUCTS_DIR)/HygieaWasteSortingAppIOS.app/HygieaWasteSortingAppIOS";
			};
			name = Release;
		};
		2C5EA57D213B61B900846BC3 /* Debug */ = {
			isa = XCBuildConfiguration;
			buildSettings = {
				ALWAYS_EMBED_SWIFT_STANDARD_LIBRARIES = YES;
				CODE_SIGN_STYLE = Automatic;
				INFOPLIST_FILE = HygieaWasteSortingAppIOSUITests/Info.plist;
				LD_RUNPATH_SEARCH_PATHS = (
					"$(inherited)",
					"@executable_path/Frameworks",
					"@loader_path/Frameworks",
				);
				PRODUCT_BUNDLE_IDENTIFIER = edu.asu.bsse.halgham2.HygieaWasteSortingAppIOSUITests;
				PRODUCT_NAME = "$(TARGET_NAME)";
				SWIFT_VERSION = 4.2;
				TARGETED_DEVICE_FAMILY = "1,2";
				TEST_TARGET_NAME = HygieaWasteSortingAppIOS;
			};
			name = Debug;
		};
		2C5EA57E213B61B900846BC3 /* Release */ = {
			isa = XCBuildConfiguration;
			buildSettings = {
				ALWAYS_EMBED_SWIFT_STANDARD_LIBRARIES = YES;
				CODE_SIGN_STYLE = Automatic;
				INFOPLIST_FILE = HygieaWasteSortingAppIOSUITests/Info.plist;
				LD_RUNPATH_SEARCH_PATHS = (
					"$(inherited)",
					"@executable_path/Frameworks",
					"@loader_path/Frameworks",
				);
				PRODUCT_BUNDLE_IDENTIFIER = edu.asu.bsse.halgham2.HygieaWasteSortingAppIOSUITests;
				PRODUCT_NAME = "$(TARGET_NAME)";
				SWIFT_VERSION = 4.2;
				TARGETED_DEVICE_FAMILY = "1,2";
				TEST_TARGET_NAME = HygieaWasteSortingAppIOS;
			};
			name = Release;
		};
/* End XCBuildConfiguration section */

/* Begin XCConfigurationList section */
		2C5EA546213B61B600846BC3 /* Build configuration list for PBXProject "HygieaWasteSortingAppIOS" */ = {
			isa = XCConfigurationList;
			buildConfigurations = (
				2C5EA574213B61B900846BC3 /* Debug */,
				2C5EA575213B61B900846BC3 /* Release */,
			);
			defaultConfigurationIsVisible = 0;
			defaultConfigurationName = Release;
		};
		2C5EA576213B61B900846BC3 /* Build configuration list for PBXNativeTarget "HygieaWasteSortingAppIOS" */ = {
			isa = XCConfigurationList;
			buildConfigurations = (
				2C5EA577213B61B900846BC3 /* Debug */,
				2C5EA578213B61B900846BC3 /* Release */,
			);
			defaultConfigurationIsVisible = 0;
			defaultConfigurationName = Release;
		};
		2C5EA579213B61B900846BC3 /* Build configuration list for PBXNativeTarget "HygieaWasteSortingAppIOSTests" */ = {
			isa = XCConfigurationList;
			buildConfigurations = (
				2C5EA57A213B61B900846BC3 /* Debug */,
				2C5EA57B213B61B900846BC3 /* Release */,
			);
			defaultConfigurationIsVisible = 0;
			defaultConfigurationName = Release;
		};
		2C5EA57C213B61B900846BC3 /* Build configuration list for PBXNativeTarget "HygieaWasteSortingAppIOSUITests" */ = {
			isa = XCConfigurationList;
			buildConfigurations = (
				2C5EA57D213B61B900846BC3 /* Debug */,
				2C5EA57E213B61B900846BC3 /* Release */,
			);
			defaultConfigurationIsVisible = 0;
			defaultConfigurationName = Release;
		};
/* End XCConfigurationList section */

/* Begin XCVersionGroup section */
		2C5EA555213B61B600846BC3 /* HygieaWasteSortingAppIOS.xcdatamodeld */ = {
			isa = XCVersionGroup;
			children = (
				2C5EA556213B61B600846BC3 /* HygieaWasteSortingAppIOS.xcdatamodel */,
			);
			currentVersion = 2C5EA556213B61B600846BC3 /* HygieaWasteSortingAppIOS.xcdatamodel */;
			path = HygieaWasteSortingAppIOS.xcdatamodeld;
			sourceTree = "<group>";
			versionGroupType = wrapper.xcdatamodel;
		};
/* End XCVersionGroup section */
	};
	rootObject = 2C5EA543213B61B600846BC3 /* Project object */;
}
