// !$*UTF8*$!
{
	archiveVersion = 1;
	classes = {
	};
	objectVersion = 50;
	objects = {

/* Begin PBXBuildFile section */
		11D036AD7C7A6AC6F39D3E51 /* Pods_HygieaWasteSortingAppIOSUITests.framework in Frameworks */ = {isa = PBXBuildFile; fileRef = 63D6C2F25E4B4E4C21BD36F9 /* Pods_HygieaWasteSortingAppIOSUITests.framework */; };
		1FEC974CA5AF8FE9CAFAB240 /* Pods_HygieaWasteSortingAppIOS.framework in Frameworks */ = {isa = PBXBuildFile; fileRef = A9B6BE38AC3E80FE26B38C7E /* Pods_HygieaWasteSortingAppIOS.framework */; };
		2C95D75021780D4A00A04143 /* AppDelegate.swift in Sources */ = {isa = PBXBuildFile; fileRef = 2C95D74F21780D4A00A04143 /* AppDelegate.swift */; };
		2C95D75221780D4A00A04143 /* ViewController.swift in Sources */ = {isa = PBXBuildFile; fileRef = 2C95D75121780D4A00A04143 /* ViewController.swift */; };
		2C95D75521780D4A00A04143 /* Main.storyboard in Resources */ = {isa = PBXBuildFile; fileRef = 2C95D75321780D4A00A04143 /* Main.storyboard */; };
		2C95D75821780D4A00A04143 /* HygieaWasteSortingAppIOS.xcdatamodeld in Sources */ = {isa = PBXBuildFile; fileRef = 2C95D75621780D4A00A04143 /* HygieaWasteSortingAppIOS.xcdatamodeld */; };
		2C95D75A21780D7300A04143 /* Assets.xcassets in Resources */ = {isa = PBXBuildFile; fileRef = 2C95D75921780D7300A04143 /* Assets.xcassets */; };
		2C95D75D21780D7300A04143 /* LaunchScreen.storyboard in Resources */ = {isa = PBXBuildFile; fileRef = 2C95D75B21780D7300A04143 /* LaunchScreen.storyboard */; };
		2C95D76821780D7400A04143 /* HygieaWasteSortingAppIOSTests.swift in Sources */ = {isa = PBXBuildFile; fileRef = 2C95D76721780D7400A04143 /* HygieaWasteSortingAppIOSTests.swift */; };
		2C95D77321780D7400A04143 /* HygieaWasteSortingAppIOSUITests.swift in Sources */ = {isa = PBXBuildFile; fileRef = 2C95D77221780D7400A04143 /* HygieaWasteSortingAppIOSUITests.swift */; };
		2C95D781217965EC00A04143 /* LoginViewController.swift in Sources */ = {isa = PBXBuildFile; fileRef = 2C95D780217965EC00A04143 /* LoginViewController.swift */; };
		2C95D7832179661A00A04143 /* ActIndicatorViewController.swift in Sources */ = {isa = PBXBuildFile; fileRef = 2C95D7822179661A00A04143 /* ActIndicatorViewController.swift */; };
		2C95D7852179663200A04143 /* ResultViewController.swift in Sources */ = {isa = PBXBuildFile; fileRef = 2C95D7842179663200A04143 /* ResultViewController.swift */; };
		2CA9111021869B6800C6B624 /* idProvider.swift in Sources */ = {isa = PBXBuildFile; fileRef = 2CA9110F21869B6700C6B624 /* idProvider.swift */; };
		2CA9111421869B8B00C6B624 /* AWSS3.swift in Sources */ = {isa = PBXBuildFile; fileRef = 2CA9111121869B8A00C6B624 /* AWSS3.swift */; };
		2CA9111521869B8B00C6B624 /* Cognito.swift in Sources */ = {isa = PBXBuildFile; fileRef = 2CA9111221869B8A00C6B624 /* Cognito.swift */; };
		2CA9111621869B8B00C6B624 /* AWSDeveloper.swift in Sources */ = {isa = PBXBuildFile; fileRef = 2CA9111321869B8B00C6B624 /* AWSDeveloper.swift */; };
		2E4A2FD221940DD900CC52CA /* DynamoDB.swift in Sources */ = {isa = PBXBuildFile; fileRef = 2E4A2FD121940DD900CC52CA /* DynamoDB.swift */; };
		2E82810121950AA300556943 /* Boto3.py in Resources */ = {isa = PBXBuildFile; fileRef = 2E82810021950AA300556943 /* Boto3.py */; };
		31102A01E62A35327F21EF77 /* Pods_HygieaWasteSortingAppIOSTests.framework in Frameworks */ = {isa = PBXBuildFile; fileRef = 46415E1BB1ABFBAADA9C467E /* Pods_HygieaWasteSortingAppIOSTests.framework */; };
/* End PBXBuildFile section */

/* Begin PBXContainerItemProxy section */
		2C95D76421780D7400A04143 /* PBXContainerItemProxy */ = {
			isa = PBXContainerItemProxy;
			containerPortal = 2C95D74421780D4900A04143 /* Project object */;
			proxyType = 1;
			remoteGlobalIDString = 2C95D74B21780D4A00A04143;
			remoteInfo = HygieaWasteSortingAppIOS;
		};
		2C95D76F21780D7400A04143 /* PBXContainerItemProxy */ = {
			isa = PBXContainerItemProxy;
			containerPortal = 2C95D74421780D4900A04143 /* Project object */;
			proxyType = 1;
			remoteGlobalIDString = 2C95D74B21780D4A00A04143;
			remoteInfo = HygieaWasteSortingAppIOS;
		};
/* End PBXContainerItemProxy section */

/* Begin PBXFileReference section */
		2C95D74C21780D4A00A04143 /* HygieaWasteSortingAppIOS.app */ = {isa = PBXFileReference; explicitFileType = wrapper.application; includeInIndex = 0; path = HygieaWasteSortingAppIOS.app; sourceTree = BUILT_PRODUCTS_DIR; };
		2C95D74F21780D4A00A04143 /* AppDelegate.swift */ = {isa = PBXFileReference; lastKnownFileType = sourcecode.swift; path = AppDelegate.swift; sourceTree = "<group>"; };
		2C95D75121780D4A00A04143 /* ViewController.swift */ = {isa = PBXFileReference; lastKnownFileType = sourcecode.swift; path = ViewController.swift; sourceTree = "<group>"; };
		2C95D75421780D4A00A04143 /* Base */ = {isa = PBXFileReference; lastKnownFileType = file.storyboard; name = Base; path = Base.lproj/Main.storyboard; sourceTree = "<group>"; };
		2C95D75721780D4A00A04143 /* HygieaWasteSortingAppIOS.xcdatamodel */ = {isa = PBXFileReference; lastKnownFileType = wrapper.xcdatamodel; path = HygieaWasteSortingAppIOS.xcdatamodel; sourceTree = "<group>"; };
		2C95D75921780D7300A04143 /* Assets.xcassets */ = {isa = PBXFileReference; lastKnownFileType = folder.assetcatalog; path = Assets.xcassets; sourceTree = "<group>"; };
		2C95D75C21780D7300A04143 /* Base */ = {isa = PBXFileReference; lastKnownFileType = file.storyboard; name = Base; path = Base.lproj/LaunchScreen.storyboard; sourceTree = "<group>"; };
		2C95D75E21780D7300A04143 /* Info.plist */ = {isa = PBXFileReference; lastKnownFileType = text.plist.xml; path = Info.plist; sourceTree = "<group>"; };
		2C95D76321780D7400A04143 /* HygieaWasteSortingAppIOSTests.xctest */ = {isa = PBXFileReference; explicitFileType = wrapper.cfbundle; includeInIndex = 0; path = HygieaWasteSortingAppIOSTests.xctest; sourceTree = BUILT_PRODUCTS_DIR; };
		2C95D76721780D7400A04143 /* HygieaWasteSortingAppIOSTests.swift */ = {isa = PBXFileReference; lastKnownFileType = sourcecode.swift; path = HygieaWasteSortingAppIOSTests.swift; sourceTree = "<group>"; };
		2C95D76921780D7400A04143 /* Info.plist */ = {isa = PBXFileReference; lastKnownFileType = text.plist.xml; path = Info.plist; sourceTree = "<group>"; };
		2C95D76E21780D7400A04143 /* HygieaWasteSortingAppIOSUITests.xctest */ = {isa = PBXFileReference; explicitFileType = wrapper.cfbundle; includeInIndex = 0; path = HygieaWasteSortingAppIOSUITests.xctest; sourceTree = BUILT_PRODUCTS_DIR; };
		2C95D77221780D7400A04143 /* HygieaWasteSortingAppIOSUITests.swift */ = {isa = PBXFileReference; lastKnownFileType = sourcecode.swift; path = HygieaWasteSortingAppIOSUITests.swift; sourceTree = "<group>"; };
		2C95D77421780D7400A04143 /* Info.plist */ = {isa = PBXFileReference; lastKnownFileType = text.plist.xml; path = Info.plist; sourceTree = "<group>"; };
		2C95D780217965EC00A04143 /* LoginViewController.swift */ = {isa = PBXFileReference; lastKnownFileType = sourcecode.swift; path = LoginViewController.swift; sourceTree = "<group>"; };
		2C95D7822179661A00A04143 /* ActIndicatorViewController.swift */ = {isa = PBXFileReference; lastKnownFileType = sourcecode.swift; path = ActIndicatorViewController.swift; sourceTree = "<group>"; };
		2C95D7842179663200A04143 /* ResultViewController.swift */ = {isa = PBXFileReference; lastKnownFileType = sourcecode.swift; path = ResultViewController.swift; sourceTree = "<group>"; };
		2CA9110F21869B6700C6B624 /* idProvider.swift */ = {isa = PBXFileReference; fileEncoding = 4; lastKnownFileType = sourcecode.swift; path = idProvider.swift; sourceTree = "<group>"; };
		2CA9111121869B8A00C6B624 /* AWSS3.swift */ = {isa = PBXFileReference; fileEncoding = 4; lastKnownFileType = sourcecode.swift; path = AWSS3.swift; sourceTree = "<group>"; };
		2CA9111221869B8A00C6B624 /* Cognito.swift */ = {isa = PBXFileReference; fileEncoding = 4; lastKnownFileType = sourcecode.swift; path = Cognito.swift; sourceTree = "<group>"; };
		2CA9111321869B8B00C6B624 /* AWSDeveloper.swift */ = {isa = PBXFileReference; fileEncoding = 4; lastKnownFileType = sourcecode.swift; path = AWSDeveloper.swift; sourceTree = "<group>"; };
		2E4A2FD121940DD900CC52CA /* DynamoDB.swift */ = {isa = PBXFileReference; lastKnownFileType = sourcecode.swift; path = DynamoDB.swift; sourceTree = "<group>"; };
		2E82810021950AA300556943 /* Boto3.py */ = {isa = PBXFileReference; lastKnownFileType = text.script.python; path = Boto3.py; sourceTree = "<group>"; };
		46415E1BB1ABFBAADA9C467E /* Pods_HygieaWasteSortingAppIOSTests.framework */ = {isa = PBXFileReference; explicitFileType = wrapper.framework; includeInIndex = 0; path = Pods_HygieaWasteSortingAppIOSTests.framework; sourceTree = BUILT_PRODUCTS_DIR; };
		63D6C2F25E4B4E4C21BD36F9 /* Pods_HygieaWasteSortingAppIOSUITests.framework */ = {isa = PBXFileReference; explicitFileType = wrapper.framework; includeInIndex = 0; path = Pods_HygieaWasteSortingAppIOSUITests.framework; sourceTree = BUILT_PRODUCTS_DIR; };
		83CCC5394595CE5BC7E98B1D /* Pods-HygieaWasteSortingAppIOSUITests.debug.xcconfig */ = {isa = PBXFileReference; includeInIndex = 1; lastKnownFileType = text.xcconfig; name = "Pods-HygieaWasteSortingAppIOSUITests.debug.xcconfig"; path = "Pods/Target Support Files/Pods-HygieaWasteSortingAppIOSUITests/Pods-HygieaWasteSortingAppIOSUITests.debug.xcconfig"; sourceTree = "<group>"; };
		9156CCFA87383703A68E8826 /* Pods-HygieaWasteSortingAppIOSTests.release.xcconfig */ = {isa = PBXFileReference; includeInIndex = 1; lastKnownFileType = text.xcconfig; name = "Pods-HygieaWasteSortingAppIOSTests.release.xcconfig"; path = "Pods/Target Support Files/Pods-HygieaWasteSortingAppIOSTests/Pods-HygieaWasteSortingAppIOSTests.release.xcconfig"; sourceTree = "<group>"; };
		9BDD6762DD12D28C16BA5557 /* Pods-HygieaWasteSortingAppIOSUITests.release.xcconfig */ = {isa = PBXFileReference; includeInIndex = 1; lastKnownFileType = text.xcconfig; name = "Pods-HygieaWasteSortingAppIOSUITests.release.xcconfig"; path = "Pods/Target Support Files/Pods-HygieaWasteSortingAppIOSUITests/Pods-HygieaWasteSortingAppIOSUITests.release.xcconfig"; sourceTree = "<group>"; };
		A9B6BE38AC3E80FE26B38C7E /* Pods_HygieaWasteSortingAppIOS.framework */ = {isa = PBXFileReference; explicitFileType = wrapper.framework; includeInIndex = 0; path = Pods_HygieaWasteSortingAppIOS.framework; sourceTree = BUILT_PRODUCTS_DIR; };
		B72ADA9E6D0599B1A3F0BDF4 /* Pods-HygieaWasteSortingAppIOS.debug.xcconfig */ = {isa = PBXFileReference; includeInIndex = 1; lastKnownFileType = text.xcconfig; name = "Pods-HygieaWasteSortingAppIOS.debug.xcconfig"; path = "Pods/Target Support Files/Pods-HygieaWasteSortingAppIOS/Pods-HygieaWasteSortingAppIOS.debug.xcconfig"; sourceTree = "<group>"; };
		BE684C8E822F5EA69238D755 /* Pods-HygieaWasteSortingAppIOSTests.debug.xcconfig */ = {isa = PBXFileReference; includeInIndex = 1; lastKnownFileType = text.xcconfig; name = "Pods-HygieaWasteSortingAppIOSTests.debug.xcconfig"; path = "Pods/Target Support Files/Pods-HygieaWasteSortingAppIOSTests/Pods-HygieaWasteSortingAppIOSTests.debug.xcconfig"; sourceTree = "<group>"; };
		ED1E32F21D93F07947977658 /* Pods-HygieaWasteSortingAppIOS.release.xcconfig */ = {isa = PBXFileReference; includeInIndex = 1; lastKnownFileType = text.xcconfig; name = "Pods-HygieaWasteSortingAppIOS.release.xcconfig"; path = "Pods/Target Support Files/Pods-HygieaWasteSortingAppIOS/Pods-HygieaWasteSortingAppIOS.release.xcconfig"; sourceTree = "<group>"; };
/* End PBXFileReference section */

/* Begin PBXFrameworksBuildPhase section */
		2C95D74921780D4A00A04143 /* Frameworks */ = {
			isa = PBXFrameworksBuildPhase;
			buildActionMask = 2147483647;
			files = (
				1FEC974CA5AF8FE9CAFAB240 /* Pods_HygieaWasteSortingAppIOS.framework in Frameworks */,
			);
			runOnlyForDeploymentPostprocessing = 0;
		};
		2C95D76021780D7400A04143 /* Frameworks */ = {
			isa = PBXFrameworksBuildPhase;
			buildActionMask = 2147483647;
			files = (
				31102A01E62A35327F21EF77 /* Pods_HygieaWasteSortingAppIOSTests.framework in Frameworks */,
			);
			runOnlyForDeploymentPostprocessing = 0;
		};
		2C95D76B21780D7400A04143 /* Frameworks */ = {
			isa = PBXFrameworksBuildPhase;
			buildActionMask = 2147483647;
			files = (
				11D036AD7C7A6AC6F39D3E51 /* Pods_HygieaWasteSortingAppIOSUITests.framework in Frameworks */,
			);
			runOnlyForDeploymentPostprocessing = 0;
		};
/* End PBXFrameworksBuildPhase section */

/* Begin PBXGroup section */
		2C95D74321780D4900A04143 = {
			isa = PBXGroup;
			children = (
				2E4A2FD121940DD900CC52CA /* DynamoDB.swift */,
				2E82810021950AA300556943 /* Boto3.py */,
				2CA9111321869B8B00C6B624 /* AWSDeveloper.swift */,
				2CA9111121869B8A00C6B624 /* AWSS3.swift */,
				2CA9111221869B8A00C6B624 /* Cognito.swift */,
				2C95D74E21780D4A00A04143 /* HygieaWasteSortingAppIOS */,
				2C95D76621780D7400A04143 /* HygieaWasteSortingAppIOSTests */,
				2C95D77121780D7400A04143 /* HygieaWasteSortingAppIOSUITests */,
				2C95D74D21780D4A00A04143 /* Products */,
				6E8FD205F33AE9B2C4BC0EC1 /* Pods */,
				44CB14B92A7E72C5B98E0321 /* Frameworks */,
			);
			sourceTree = "<group>";
		};
		2C95D74D21780D4A00A04143 /* Products */ = {
			isa = PBXGroup;
			children = (
				2C95D74C21780D4A00A04143 /* HygieaWasteSortingAppIOS.app */,
				2C95D76321780D7400A04143 /* HygieaWasteSortingAppIOSTests.xctest */,
				2C95D76E21780D7400A04143 /* HygieaWasteSortingAppIOSUITests.xctest */,
			);
			name = Products;
			sourceTree = "<group>";
		};
		2C95D74E21780D4A00A04143 /* HygieaWasteSortingAppIOS */ = {
			isa = PBXGroup;
			children = (
				2CA9110F21869B6700C6B624 /* idProvider.swift */,
				2C95D74F21780D4A00A04143 /* AppDelegate.swift */,
				2C95D75121780D4A00A04143 /* ViewController.swift */,
				2C95D75321780D4A00A04143 /* Main.storyboard */,
				2C95D75921780D7300A04143 /* Assets.xcassets */,
				2C95D75B21780D7300A04143 /* LaunchScreen.storyboard */,
				2C95D75E21780D7300A04143 /* Info.plist */,
				2C95D75621780D4A00A04143 /* HygieaWasteSortingAppIOS.xcdatamodeld */,
				2C95D780217965EC00A04143 /* LoginViewController.swift */,
				2C95D7822179661A00A04143 /* ActIndicatorViewController.swift */,
				2C95D7842179663200A04143 /* ResultViewController.swift */,
			);
			path = HygieaWasteSortingAppIOS;
			sourceTree = "<group>";
		};
		2C95D76621780D7400A04143 /* HygieaWasteSortingAppIOSTests */ = {
			isa = PBXGroup;
			children = (
				2C95D76721780D7400A04143 /* HygieaWasteSortingAppIOSTests.swift */,
				2C95D76921780D7400A04143 /* Info.plist */,
			);
			path = HygieaWasteSortingAppIOSTests;
			sourceTree = "<group>";
		};
		2C95D77121780D7400A04143 /* HygieaWasteSortingAppIOSUITests */ = {
			isa = PBXGroup;
			children = (
				2C95D77221780D7400A04143 /* HygieaWasteSortingAppIOSUITests.swift */,
				2C95D77421780D7400A04143 /* Info.plist */,
			);
			path = HygieaWasteSortingAppIOSUITests;
			sourceTree = "<group>";
		};
		44CB14B92A7E72C5B98E0321 /* Frameworks */ = {
			isa = PBXGroup;
			children = (
				A9B6BE38AC3E80FE26B38C7E /* Pods_HygieaWasteSortingAppIOS.framework */,
				46415E1BB1ABFBAADA9C467E /* Pods_HygieaWasteSortingAppIOSTests.framework */,
				63D6C2F25E4B4E4C21BD36F9 /* Pods_HygieaWasteSortingAppIOSUITests.framework */,
			);
			name = Frameworks;
			sourceTree = "<group>";
		};
		6E8FD205F33AE9B2C4BC0EC1 /* Pods */ = {
			isa = PBXGroup;
			children = (
				B72ADA9E6D0599B1A3F0BDF4 /* Pods-HygieaWasteSortingAppIOS.debug.xcconfig */,
				ED1E32F21D93F07947977658 /* Pods-HygieaWasteSortingAppIOS.release.xcconfig */,
				BE684C8E822F5EA69238D755 /* Pods-HygieaWasteSortingAppIOSTests.debug.xcconfig */,
				9156CCFA87383703A68E8826 /* Pods-HygieaWasteSortingAppIOSTests.release.xcconfig */,
				83CCC5394595CE5BC7E98B1D /* Pods-HygieaWasteSortingAppIOSUITests.debug.xcconfig */,
				9BDD6762DD12D28C16BA5557 /* Pods-HygieaWasteSortingAppIOSUITests.release.xcconfig */,
			);
			name = Pods;
			sourceTree = "<group>";
		};
/* End PBXGroup section */

/* Begin PBXNativeTarget section */
		2C95D74B21780D4A00A04143 /* HygieaWasteSortingAppIOS */ = {
			isa = PBXNativeTarget;
			buildConfigurationList = 2C95D77721780D7500A04143 /* Build configuration list for PBXNativeTarget "HygieaWasteSortingAppIOS" */;
			buildPhases = (
				5EDC633F0222EB7669F01F5A /* [CP] Check Pods Manifest.lock */,
				2C95D74821780D4A00A04143 /* Sources */,
				2C95D74921780D4A00A04143 /* Frameworks */,
				2C95D74A21780D4A00A04143 /* Resources */,
				6393F950907B1C56DC01FDB9 /* [CP] Embed Pods Frameworks */,
			);
			buildRules = (
			);
			dependencies = (
			);
			name = HygieaWasteSortingAppIOS;
			productName = HygieaWasteSortingAppIOS;
			productReference = 2C95D74C21780D4A00A04143 /* HygieaWasteSortingAppIOS.app */;
			productType = "com.apple.product-type.application";
		};
		2C95D76221780D7400A04143 /* HygieaWasteSortingAppIOSTests */ = {
			isa = PBXNativeTarget;
			buildConfigurationList = 2C95D77A21780D7500A04143 /* Build configuration list for PBXNativeTarget "HygieaWasteSortingAppIOSTests" */;
			buildPhases = (
				70F007F9C8F9595CE97E420F /* [CP] Check Pods Manifest.lock */,
				2C95D75F21780D7400A04143 /* Sources */,
				2C95D76021780D7400A04143 /* Frameworks */,
				2C95D76121780D7400A04143 /* Resources */,
			);
			buildRules = (
			);
			dependencies = (
				2C95D76521780D7400A04143 /* PBXTargetDependency */,
			);
			name = HygieaWasteSortingAppIOSTests;
			productName = HygieaWasteSortingAppIOSTests;
			productReference = 2C95D76321780D7400A04143 /* HygieaWasteSortingAppIOSTests.xctest */;
			productType = "com.apple.product-type.bundle.unit-test";
		};
		2C95D76D21780D7400A04143 /* HygieaWasteSortingAppIOSUITests */ = {
			isa = PBXNativeTarget;
			buildConfigurationList = 2C95D77D21780D7500A04143 /* Build configuration list for PBXNativeTarget "HygieaWasteSortingAppIOSUITests" */;
			buildPhases = (
				B7AE334ED16E291DDD665055 /* [CP] Check Pods Manifest.lock */,
				2C95D76A21780D7400A04143 /* Sources */,
				2C95D76B21780D7400A04143 /* Frameworks */,
				2C95D76C21780D7400A04143 /* Resources */,
			);
			buildRules = (
			);
			dependencies = (
				2C95D77021780D7400A04143 /* PBXTargetDependency */,
			);
			name = HygieaWasteSortingAppIOSUITests;
			productName = HygieaWasteSortingAppIOSUITests;
			productReference = 2C95D76E21780D7400A04143 /* HygieaWasteSortingAppIOSUITests.xctest */;
			productType = "com.apple.product-type.bundle.ui-testing";
		};
/* End PBXNativeTarget section */

/* Begin PBXProject section */
		2C95D74421780D4900A04143 /* Project object */ = {
			isa = PBXProject;
			attributes = {
				LastSwiftUpdateCheck = 1000;
				LastUpgradeCheck = 1000;
				ORGANIZATIONNAME = "Arizona State University";
				TargetAttributes = {
					2C95D74B21780D4A00A04143 = {
						CreatedOnToolsVersion = 10.0;
					};
					2C95D76221780D7400A04143 = {
						CreatedOnToolsVersion = 10.0;
						TestTargetID = 2C95D74B21780D4A00A04143;
					};
					2C95D76D21780D7400A04143 = {
						CreatedOnToolsVersion = 10.0;
						TestTargetID = 2C95D74B21780D4A00A04143;
					};
				};
			};
			buildConfigurationList = 2C95D74721780D4900A04143 /* Build configuration list for PBXProject "HygieaWasteSortingAppIOS" */;
			compatibilityVersion = "Xcode 9.3";
			developmentRegion = en;
			hasScannedForEncodings = 0;
			knownRegions = (
				en,
				Base,
			);
			mainGroup = 2C95D74321780D4900A04143;
			productRefGroup = 2C95D74D21780D4A00A04143 /* Products */;
			projectDirPath = "";
			projectRoot = "";
			targets = (
				2C95D74B21780D4A00A04143 /* HygieaWasteSortingAppIOS */,
				2C95D76221780D7400A04143 /* HygieaWasteSortingAppIOSTests */,
				2C95D76D21780D7400A04143 /* HygieaWasteSortingAppIOSUITests */,
			);
		};
/* End PBXProject section */

/* Begin PBXResourcesBuildPhase section */
		2C95D74A21780D4A00A04143 /* Resources */ = {
			isa = PBXResourcesBuildPhase;
			buildActionMask = 2147483647;
			files = (
				2C95D75D21780D7300A04143 /* LaunchScreen.storyboard in Resources */,
				2C95D75A21780D7300A04143 /* Assets.xcassets in Resources */,
				2E82810121950AA300556943 /* Boto3.py in Resources */,
				2C95D75521780D4A00A04143 /* Main.storyboard in Resources */,
			);
			runOnlyForDeploymentPostprocessing = 0;
		};
		2C95D76121780D7400A04143 /* Resources */ = {
			isa = PBXResourcesBuildPhase;
			buildActionMask = 2147483647;
			files = (
			);
			runOnlyForDeploymentPostprocessing = 0;
		};
		2C95D76C21780D7400A04143 /* Resources */ = {
			isa = PBXResourcesBuildPhase;
			buildActionMask = 2147483647;
			files = (
			);
			runOnlyForDeploymentPostprocessing = 0;
		};
/* End PBXResourcesBuildPhase section */

/* Begin PBXShellScriptBuildPhase section */
		5EDC633F0222EB7669F01F5A /* [CP] Check Pods Manifest.lock */ = {
			isa = PBXShellScriptBuildPhase;
			buildActionMask = 2147483647;
			files = (
			);
			inputPaths = (
				"${PODS_PODFILE_DIR_PATH}/Podfile.lock",
				"${PODS_ROOT}/Manifest.lock",
			);
			name = "[CP] Check Pods Manifest.lock";
			outputPaths = (
				"$(DERIVED_FILE_DIR)/Pods-HygieaWasteSortingAppIOS-checkManifestLockResult.txt",
			);
			runOnlyForDeploymentPostprocessing = 0;
			shellPath = /bin/sh;
			shellScript = "diff \"${PODS_PODFILE_DIR_PATH}/Podfile.lock\" \"${PODS_ROOT}/Manifest.lock\" > /dev/null\nif [ $? != 0 ] ; then\n    # print error to STDERR\n    echo \"error: The sandbox is not in sync with the Podfile.lock. Run 'pod install' or update your CocoaPods installation.\" >&2\n    exit 1\nfi\n# This output is used by Xcode 'outputs' to avoid re-running this script phase.\necho \"SUCCESS\" > \"${SCRIPT_OUTPUT_FILE_0}\"\n";
			showEnvVarsInLog = 0;
		};
		6393F950907B1C56DC01FDB9 /* [CP] Embed Pods Frameworks */ = {
			isa = PBXShellScriptBuildPhase;
			buildActionMask = 2147483647;
			files = (
			);
			inputPaths = (
				"${SRCROOT}/Pods/Target Support Files/Pods-HygieaWasteSortingAppIOS/Pods-HygieaWasteSortingAppIOS-frameworks.sh",
				"${BUILT_PRODUCTS_DIR}/AWSAuthCore/AWSAuthCore.framework",
				"${BUILT_PRODUCTS_DIR}/AWSAuthUI/AWSAuthUI.framework",
				"${BUILT_PRODUCTS_DIR}/AWSAutoScaling/AWSAutoScaling.framework",
				"${BUILT_PRODUCTS_DIR}/AWSCloudWatch/AWSCloudWatch.framework",
				"${BUILT_PRODUCTS_DIR}/AWSCognito/AWSCognito.framework",
				"${BUILT_PRODUCTS_DIR}/AWSCognitoAuth/AWSCognitoAuth.framework",
				"${BUILT_PRODUCTS_DIR}/AWSCognitoIdentityProvider/AWSCognitoIdentityProvider.framework",
				"${BUILT_PRODUCTS_DIR}/AWSCognitoIdentityProviderASF/AWSCognitoIdentityProviderASF.framework",
				"${BUILT_PRODUCTS_DIR}/AWSCore/AWSCore.framework",
				"${BUILT_PRODUCTS_DIR}/AWSDynamoDB/AWSDynamoDB.framework",
				"${BUILT_PRODUCTS_DIR}/AWSEC2/AWSEC2.framework",
				"${BUILT_PRODUCTS_DIR}/AWSElasticLoadBalancing/AWSElasticLoadBalancing.framework",
				"${BUILT_PRODUCTS_DIR}/AWSFacebookSignIn/AWSFacebookSignIn.framework",
				"${BUILT_PRODUCTS_DIR}/AWSGoogleSignIn/AWSGoogleSignIn.framework",
				"${BUILT_PRODUCTS_DIR}/AWSIoT/AWSIoT.framework",
				"${BUILT_PRODUCTS_DIR}/AWSKMS/AWSKMS.framework",
				"${BUILT_PRODUCTS_DIR}/AWSKinesis/AWSKinesis.framework",
				"${BUILT_PRODUCTS_DIR}/AWSLambda/AWSLambda.framework",
				"${BUILT_PRODUCTS_DIR}/AWSLex/AWSLex.framework",
				"${BUILT_PRODUCTS_DIR}/AWSLogs/AWSLogs.framework",
				"${BUILT_PRODUCTS_DIR}/AWSMachineLearning/AWSMachineLearning.framework",
				"${BUILT_PRODUCTS_DIR}/AWSMobileAnalytics/AWSMobileAnalytics.framework",
				"${BUILT_PRODUCTS_DIR}/AWSMobileClient/AWSMobileClient.framework",
				"${BUILT_PRODUCTS_DIR}/AWSPinpoint/AWSPinpoint.framework",
				"${BUILT_PRODUCTS_DIR}/AWSPolly/AWSPolly.framework",
				"${BUILT_PRODUCTS_DIR}/AWSRekognition/AWSRekognition.framework",
				"${BUILT_PRODUCTS_DIR}/AWSS3/AWSS3.framework",
				"${BUILT_PRODUCTS_DIR}/AWSSES/AWSSES.framework",
				"${BUILT_PRODUCTS_DIR}/AWSSNS/AWSSNS.framework",
				"${BUILT_PRODUCTS_DIR}/AWSSQS/AWSSQS.framework",
				"${BUILT_PRODUCTS_DIR}/AWSSimpleDB/AWSSimpleDB.framework",
				"${BUILT_PRODUCTS_DIR}/AWSUserPoolsSignIn/AWSUserPoolsSignIn.framework",
				"${BUILT_PRODUCTS_DIR}/Bolts/Bolts.framework",
				"${BUILT_PRODUCTS_DIR}/FBSDKCoreKit/FBSDKCoreKit.framework",
				"${BUILT_PRODUCTS_DIR}/FBSDKLoginKit/FBSDKLoginKit.framework",
			);
			name = "[CP] Embed Pods Frameworks";
			outputPaths = (
				"${TARGET_BUILD_DIR}/${FRAMEWORKS_FOLDER_PATH}/AWSAuthCore.framework",
				"${TARGET_BUILD_DIR}/${FRAMEWORKS_FOLDER_PATH}/AWSAuthUI.framework",
				"${TARGET_BUILD_DIR}/${FRAMEWORKS_FOLDER_PATH}/AWSAutoScaling.framework",
				"${TARGET_BUILD_DIR}/${FRAMEWORKS_FOLDER_PATH}/AWSCloudWatch.framework",
				"${TARGET_BUILD_DIR}/${FRAMEWORKS_FOLDER_PATH}/AWSCognito.framework",
				"${TARGET_BUILD_DIR}/${FRAMEWORKS_FOLDER_PATH}/AWSCognitoAuth.framework",
				"${TARGET_BUILD_DIR}/${FRAMEWORKS_FOLDER_PATH}/AWSCognitoIdentityProvider.framework",
				"${TARGET_BUILD_DIR}/${FRAMEWORKS_FOLDER_PATH}/AWSCognitoIdentityProviderASF.framework",
				"${TARGET_BUILD_DIR}/${FRAMEWORKS_FOLDER_PATH}/AWSCore.framework",
				"${TARGET_BUILD_DIR}/${FRAMEWORKS_FOLDER_PATH}/AWSDynamoDB.framework",
				"${TARGET_BUILD_DIR}/${FRAMEWORKS_FOLDER_PATH}/AWSEC2.framework",
				"${TARGET_BUILD_DIR}/${FRAMEWORKS_FOLDER_PATH}/AWSElasticLoadBalancing.framework",
				"${TARGET_BUILD_DIR}/${FRAMEWORKS_FOLDER_PATH}/AWSFacebookSignIn.framework",
				"${TARGET_BUILD_DIR}/${FRAMEWORKS_FOLDER_PATH}/AWSGoogleSignIn.framework",
				"${TARGET_BUILD_DIR}/${FRAMEWORKS_FOLDER_PATH}/AWSIoT.framework",
				"${TARGET_BUILD_DIR}/${FRAMEWORKS_FOLDER_PATH}/AWSKMS.framework",
				"${TARGET_BUILD_DIR}/${FRAMEWORKS_FOLDER_PATH}/AWSKinesis.framework",
				"${TARGET_BUILD_DIR}/${FRAMEWORKS_FOLDER_PATH}/AWSLambda.framework",
				"${TARGET_BUILD_DIR}/${FRAMEWORKS_FOLDER_PATH}/AWSLex.framework",
				"${TARGET_BUILD_DIR}/${FRAMEWORKS_FOLDER_PATH}/AWSLogs.framework",
				"${TARGET_BUILD_DIR}/${FRAMEWORKS_FOLDER_PATH}/AWSMachineLearning.framework",
				"${TARGET_BUILD_DIR}/${FRAMEWORKS_FOLDER_PATH}/AWSMobileAnalytics.framework",
				"${TARGET_BUILD_DIR}/${FRAMEWORKS_FOLDER_PATH}/AWSMobileClient.framework",
				"${TARGET_BUILD_DIR}/${FRAMEWORKS_FOLDER_PATH}/AWSPinpoint.framework",
				"${TARGET_BUILD_DIR}/${FRAMEWORKS_FOLDER_PATH}/AWSPolly.framework",
				"${TARGET_BUILD_DIR}/${FRAMEWORKS_FOLDER_PATH}/AWSRekognition.framework",
				"${TARGET_BUILD_DIR}/${FRAMEWORKS_FOLDER_PATH}/AWSS3.framework",
				"${TARGET_BUILD_DIR}/${FRAMEWORKS_FOLDER_PATH}/AWSSES.framework",
				"${TARGET_BUILD_DIR}/${FRAMEWORKS_FOLDER_PATH}/AWSSNS.framework",
				"${TARGET_BUILD_DIR}/${FRAMEWORKS_FOLDER_PATH}/AWSSQS.framework",
				"${TARGET_BUILD_DIR}/${FRAMEWORKS_FOLDER_PATH}/AWSSimpleDB.framework",
				"${TARGET_BUILD_DIR}/${FRAMEWORKS_FOLDER_PATH}/AWSUserPoolsSignIn.framework",
				"${TARGET_BUILD_DIR}/${FRAMEWORKS_FOLDER_PATH}/Bolts.framework",
				"${TARGET_BUILD_DIR}/${FRAMEWORKS_FOLDER_PATH}/FBSDKCoreKit.framework",
				"${TARGET_BUILD_DIR}/${FRAMEWORKS_FOLDER_PATH}/FBSDKLoginKit.framework",
			);
			runOnlyForDeploymentPostprocessing = 0;
			shellPath = /bin/sh;
			shellScript = "\"${SRCROOT}/Pods/Target Support Files/Pods-HygieaWasteSortingAppIOS/Pods-HygieaWasteSortingAppIOS-frameworks.sh\"\n";
			showEnvVarsInLog = 0;
		};
		70F007F9C8F9595CE97E420F /* [CP] Check Pods Manifest.lock */ = {
			isa = PBXShellScriptBuildPhase;
			buildActionMask = 2147483647;
			files = (
			);
			inputPaths = (
				"${PODS_PODFILE_DIR_PATH}/Podfile.lock",
				"${PODS_ROOT}/Manifest.lock",
			);
			name = "[CP] Check Pods Manifest.lock";
			outputPaths = (
				"$(DERIVED_FILE_DIR)/Pods-HygieaWasteSortingAppIOSTests-checkManifestLockResult.txt",
			);
			runOnlyForDeploymentPostprocessing = 0;
			shellPath = /bin/sh;
			shellScript = "diff \"${PODS_PODFILE_DIR_PATH}/Podfile.lock\" \"${PODS_ROOT}/Manifest.lock\" > /dev/null\nif [ $? != 0 ] ; then\n    # print error to STDERR\n    echo \"error: The sandbox is not in sync with the Podfile.lock. Run 'pod install' or update your CocoaPods installation.\" >&2\n    exit 1\nfi\n# This output is used by Xcode 'outputs' to avoid re-running this script phase.\necho \"SUCCESS\" > \"${SCRIPT_OUTPUT_FILE_0}\"\n";
			showEnvVarsInLog = 0;
		};
		B7AE334ED16E291DDD665055 /* [CP] Check Pods Manifest.lock */ = {
			isa = PBXShellScriptBuildPhase;
			buildActionMask = 2147483647;
			files = (
			);
			inputPaths = (
				"${PODS_PODFILE_DIR_PATH}/Podfile.lock",
				"${PODS_ROOT}/Manifest.lock",
			);
			name = "[CP] Check Pods Manifest.lock";
			outputPaths = (
				"$(DERIVED_FILE_DIR)/Pods-HygieaWasteSortingAppIOSUITests-checkManifestLockResult.txt",
			);
			runOnlyForDeploymentPostprocessing = 0;
			shellPath = /bin/sh;
			shellScript = "diff \"${PODS_PODFILE_DIR_PATH}/Podfile.lock\" \"${PODS_ROOT}/Manifest.lock\" > /dev/null\nif [ $? != 0 ] ; then\n    # print error to STDERR\n    echo \"error: The sandbox is not in sync with the Podfile.lock. Run 'pod install' or update your CocoaPods installation.\" >&2\n    exit 1\nfi\n# This output is used by Xcode 'outputs' to avoid re-running this script phase.\necho \"SUCCESS\" > \"${SCRIPT_OUTPUT_FILE_0}\"\n";
			showEnvVarsInLog = 0;
		};
/* End PBXShellScriptBuildPhase section */

/* Begin PBXSourcesBuildPhase section */
		2C95D74821780D4A00A04143 /* Sources */ = {
			isa = PBXSourcesBuildPhase;
			buildActionMask = 2147483647;
			files = (
				2C95D7832179661A00A04143 /* ActIndicatorViewController.swift in Sources */,
				2C95D781217965EC00A04143 /* LoginViewController.swift in Sources */,
				2CA9111621869B8B00C6B624 /* AWSDeveloper.swift in Sources */,
				2C95D75821780D4A00A04143 /* HygieaWasteSortingAppIOS.xcdatamodeld in Sources */,
				2CA9111021869B6800C6B624 /* idProvider.swift in Sources */,
				2CA9111521869B8B00C6B624 /* Cognito.swift in Sources */,
				2C95D75221780D4A00A04143 /* ViewController.swift in Sources */,
				2C95D75021780D4A00A04143 /* AppDelegate.swift in Sources */,
				2C95D7852179663200A04143 /* ResultViewController.swift in Sources */,
				2E4A2FD221940DD900CC52CA /* DynamoDB.swift in Sources */,
				2CA9111421869B8B00C6B624 /* AWSS3.swift in Sources */,
			);
			runOnlyForDeploymentPostprocessing = 0;
		};
		2C95D75F21780D7400A04143 /* Sources */ = {
			isa = PBXSourcesBuildPhase;
			buildActionMask = 2147483647;
			files = (
				2C95D76821780D7400A04143 /* HygieaWasteSortingAppIOSTests.swift in Sources */,
			);
			runOnlyForDeploymentPostprocessing = 0;
		};
		2C95D76A21780D7400A04143 /* Sources */ = {
			isa = PBXSourcesBuildPhase;
			buildActionMask = 2147483647;
			files = (
				2C95D77321780D7400A04143 /* HygieaWasteSortingAppIOSUITests.swift in Sources */,
			);
			runOnlyForDeploymentPostprocessing = 0;
		};
/* End PBXSourcesBuildPhase section */

/* Begin PBXTargetDependency section */
		2C95D76521780D7400A04143 /* PBXTargetDependency */ = {
			isa = PBXTargetDependency;
			target = 2C95D74B21780D4A00A04143 /* HygieaWasteSortingAppIOS */;
			targetProxy = 2C95D76421780D7400A04143 /* PBXContainerItemProxy */;
		};
		2C95D77021780D7400A04143 /* PBXTargetDependency */ = {
			isa = PBXTargetDependency;
			target = 2C95D74B21780D4A00A04143 /* HygieaWasteSortingAppIOS */;
			targetProxy = 2C95D76F21780D7400A04143 /* PBXContainerItemProxy */;
		};
/* End PBXTargetDependency section */

/* Begin PBXVariantGroup section */
		2C95D75321780D4A00A04143 /* Main.storyboard */ = {
			isa = PBXVariantGroup;
			children = (
				2C95D75421780D4A00A04143 /* Base */,
			);
			name = Main.storyboard;
			sourceTree = "<group>";
		};
		2C95D75B21780D7300A04143 /* LaunchScreen.storyboard */ = {
			isa = PBXVariantGroup;
			children = (
				2C95D75C21780D7300A04143 /* Base */,
			);
			name = LaunchScreen.storyboard;
			sourceTree = "<group>";
		};
/* End PBXVariantGroup section */

/* Begin XCBuildConfiguration section */
		2C95D77521780D7500A04143 /* Debug */ = {
			isa = XCBuildConfiguration;
			buildSettings = {
				ALWAYS_SEARCH_USER_PATHS = NO;
				CLANG_ANALYZER_NONNULL = YES;
				CLANG_ANALYZER_NUMBER_OBJECT_CONVERSION = YES_AGGRESSIVE;
				CLANG_CXX_LANGUAGE_STANDARD = "gnu++14";
				CLANG_CXX_LIBRARY = "libc++";
				CLANG_ENABLE_MODULES = YES;
				CLANG_ENABLE_OBJC_ARC = YES;
				CLANG_ENABLE_OBJC_WEAK = YES;
				CLANG_WARN_BLOCK_CAPTURE_AUTORELEASING = YES;
				CLANG_WARN_BOOL_CONVERSION = YES;
				CLANG_WARN_COMMA = YES;
				CLANG_WARN_CONSTANT_CONVERSION = YES;
				CLANG_WARN_DEPRECATED_OBJC_IMPLEMENTATIONS = YES;
				CLANG_WARN_DIRECT_OBJC_ISA_USAGE = YES_ERROR;
				CLANG_WARN_DOCUMENTATION_COMMENTS = YES;
				CLANG_WARN_EMPTY_BODY = YES;
				CLANG_WARN_ENUM_CONVERSION = YES;
				CLANG_WARN_INFINITE_RECURSION = YES;
				CLANG_WARN_INT_CONVERSION = YES;
				CLANG_WARN_NON_LITERAL_NULL_CONVERSION = YES;
				CLANG_WARN_OBJC_IMPLICIT_RETAIN_SELF = YES;
				CLANG_WARN_OBJC_LITERAL_CONVERSION = YES;
				CLANG_WARN_OBJC_ROOT_CLASS = YES_ERROR;
				CLANG_WARN_RANGE_LOOP_ANALYSIS = YES;
				CLANG_WARN_STRICT_PROTOTYPES = YES;
				CLANG_WARN_SUSPICIOUS_MOVE = YES;
				CLANG_WARN_UNGUARDED_AVAILABILITY = YES_AGGRESSIVE;
				CLANG_WARN_UNREACHABLE_CODE = YES;
				CLANG_WARN__DUPLICATE_METHOD_MATCH = YES;
				CODE_SIGN_IDENTITY = "iPhone Developer";
				COPY_PHASE_STRIP = NO;
				DEBUG_INFORMATION_FORMAT = dwarf;
				ENABLE_STRICT_OBJC_MSGSEND = YES;
				ENABLE_TESTABILITY = YES;
				GCC_C_LANGUAGE_STANDARD = gnu11;
				GCC_DYNAMIC_NO_PIC = NO;
				GCC_NO_COMMON_BLOCKS = YES;
				GCC_OPTIMIZATION_LEVEL = 0;
				GCC_PREPROCESSOR_DEFINITIONS = (
					"DEBUG=1",
					"$(inherited)",
				);
				GCC_WARN_64_TO_32_BIT_CONVERSION = YES;
				GCC_WARN_ABOUT_RETURN_TYPE = YES_ERROR;
				GCC_WARN_UNDECLARED_SELECTOR = YES;
				GCC_WARN_UNINITIALIZED_AUTOS = YES_AGGRESSIVE;
				GCC_WARN_UNUSED_FUNCTION = YES;
				GCC_WARN_UNUSED_VARIABLE = YES;
				IPHONEOS_DEPLOYMENT_TARGET = 12.0;
				MTL_ENABLE_DEBUG_INFO = INCLUDE_SOURCE;
				MTL_FAST_MATH = YES;
				ONLY_ACTIVE_ARCH = YES;
				SDKROOT = iphoneos;
				SWIFT_ACTIVE_COMPILATION_CONDITIONS = DEBUG;
				SWIFT_OPTIMIZATION_LEVEL = "-Onone";
			};
			name = Debug;
		};
		2C95D77621780D7500A04143 /* Release */ = {
			isa = XCBuildConfiguration;
			buildSettings = {
				ALWAYS_SEARCH_USER_PATHS = NO;
				CLANG_ANALYZER_NONNULL = YES;
				CLANG_ANALYZER_NUMBER_OBJECT_CONVERSION = YES_AGGRESSIVE;
				CLANG_CXX_LANGUAGE_STANDARD = "gnu++14";
				CLANG_CXX_LIBRARY = "libc++";
				CLANG_ENABLE_MODULES = YES;
				CLANG_ENABLE_OBJC_ARC = YES;
				CLANG_ENABLE_OBJC_WEAK = YES;
				CLANG_WARN_BLOCK_CAPTURE_AUTORELEASING = YES;
				CLANG_WARN_BOOL_CONVERSION = YES;
				CLANG_WARN_COMMA = YES;
				CLANG_WARN_CONSTANT_CONVERSION = YES;
				CLANG_WARN_DEPRECATED_OBJC_IMPLEMENTATIONS = YES;
				CLANG_WARN_DIRECT_OBJC_ISA_USAGE = YES_ERROR;
				CLANG_WARN_DOCUMENTATION_COMMENTS = YES;
				CLANG_WARN_EMPTY_BODY = YES;
				CLANG_WARN_ENUM_CONVERSION = YES;
				CLANG_WARN_INFINITE_RECURSION = YES;
				CLANG_WARN_INT_CONVERSION = YES;
				CLANG_WARN_NON_LITERAL_NULL_CONVERSION = YES;
				CLANG_WARN_OBJC_IMPLICIT_RETAIN_SELF = YES;
				CLANG_WARN_OBJC_LITERAL_CONVERSION = YES;
				CLANG_WARN_OBJC_ROOT_CLASS = YES_ERROR;
				CLANG_WARN_RANGE_LOOP_ANALYSIS = YES;
				CLANG_WARN_STRICT_PROTOTYPES = YES;
				CLANG_WARN_SUSPICIOUS_MOVE = YES;
				CLANG_WARN_UNGUARDED_AVAILABILITY = YES_AGGRESSIVE;
				CLANG_WARN_UNREACHABLE_CODE = YES;
				CLANG_WARN__DUPLICATE_METHOD_MATCH = YES;
				CODE_SIGN_IDENTITY = "iPhone Developer";
				COPY_PHASE_STRIP = NO;
				DEBUG_INFORMATION_FORMAT = "dwarf-with-dsym";
				ENABLE_NS_ASSERTIONS = NO;
				ENABLE_STRICT_OBJC_MSGSEND = YES;
				GCC_C_LANGUAGE_STANDARD = gnu11;
				GCC_NO_COMMON_BLOCKS = YES;
				GCC_WARN_64_TO_32_BIT_CONVERSION = YES;
				GCC_WARN_ABOUT_RETURN_TYPE = YES_ERROR;
				GCC_WARN_UNDECLARED_SELECTOR = YES;
				GCC_WARN_UNINITIALIZED_AUTOS = YES_AGGRESSIVE;
				GCC_WARN_UNUSED_FUNCTION = YES;
				GCC_WARN_UNUSED_VARIABLE = YES;
				IPHONEOS_DEPLOYMENT_TARGET = 12.0;
				MTL_ENABLE_DEBUG_INFO = NO;
				MTL_FAST_MATH = YES;
				SDKROOT = iphoneos;
				SWIFT_COMPILATION_MODE = wholemodule;
				SWIFT_OPTIMIZATION_LEVEL = "-O";
				VALIDATE_PRODUCT = YES;
			};
			name = Release;
		};
		2C95D77821780D7500A04143 /* Debug */ = {
			isa = XCBuildConfiguration;
			baseConfigurationReference = B72ADA9E6D0599B1A3F0BDF4 /* Pods-HygieaWasteSortingAppIOS.debug.xcconfig */;
			buildSettings = {
				ASSETCATALOG_COMPILER_APPICON_NAME = AppIcon;
				CODE_SIGN_STYLE = Automatic;
				DEVELOPMENT_TEAM = MZP86L6CF2;
				INFOPLIST_FILE = HygieaWasteSortingAppIOS/Info.plist;
				IPHONEOS_DEPLOYMENT_TARGET = 12.0;
				LD_RUNPATH_SEARCH_PATHS = (
					"$(inherited)",
					"@executable_path/Frameworks",
				);
				PRODUCT_BUNDLE_IDENTIFIER = edu.asu.bsse.halgham2.HygieaWasteSortingAppIOS;
				PRODUCT_NAME = "$(TARGET_NAME)";
				SWIFT_VERSION = 4.2;
				TARGETED_DEVICE_FAMILY = "1,2";
			};
			name = Debug;
		};
		2C95D77921780D7500A04143 /* Release */ = {
			isa = XCBuildConfiguration;
			baseConfigurationReference = ED1E32F21D93F07947977658 /* Pods-HygieaWasteSortingAppIOS.release.xcconfig */;
			buildSettings = {
				ASSETCATALOG_COMPILER_APPICON_NAME = AppIcon;
				CODE_SIGN_STYLE = Automatic;
				DEVELOPMENT_TEAM = MZP86L6CF2;
				INFOPLIST_FILE = HygieaWasteSortingAppIOS/Info.plist;
				IPHONEOS_DEPLOYMENT_TARGET = 12.0;
				LD_RUNPATH_SEARCH_PATHS = (
					"$(inherited)",
					"@executable_path/Frameworks",
				);
				PRODUCT_BUNDLE_IDENTIFIER = edu.asu.bsse.halgham2.HygieaWasteSortingAppIOS;
				PRODUCT_NAME = "$(TARGET_NAME)";
				SWIFT_VERSION = 4.2;
				TARGETED_DEVICE_FAMILY = "1,2";
			};
			name = Release;
		};
		2C95D77B21780D7500A04143 /* Debug */ = {
			isa = XCBuildConfiguration;
			baseConfigurationReference = BE684C8E822F5EA69238D755 /* Pods-HygieaWasteSortingAppIOSTests.debug.xcconfig */;
			buildSettings = {
				ALWAYS_EMBED_SWIFT_STANDARD_LIBRARIES = YES;
				BUNDLE_LOADER = "$(TEST_HOST)";
				CODE_SIGN_STYLE = Automatic;
				INFOPLIST_FILE = HygieaWasteSortingAppIOSTests/Info.plist;
				LD_RUNPATH_SEARCH_PATHS = (
					"$(inherited)",
					"@executable_path/Frameworks",
					"@loader_path/Frameworks",
				);
				PRODUCT_BUNDLE_IDENTIFIER = edu.asu.bsse.halgham2.HygieaWasteSortingAppIOSTests;
				PRODUCT_NAME = "$(TARGET_NAME)";
				SWIFT_VERSION = 4.2;
				TARGETED_DEVICE_FAMILY = "1,2";
				TEST_HOST = "$(BUILT_PRODUCTS_DIR)/HygieaWasteSortingAppIOS.app/HygieaWasteSortingAppIOS";
			};
			name = Debug;
		};
		2C95D77C21780D7500A04143 /* Release */ = {
			isa = XCBuildConfiguration;
			baseConfigurationReference = 9156CCFA87383703A68E8826 /* Pods-HygieaWasteSortingAppIOSTests.release.xcconfig */;
			buildSettings = {
				ALWAYS_EMBED_SWIFT_STANDARD_LIBRARIES = YES;
				BUNDLE_LOADER = "$(TEST_HOST)";
				CODE_SIGN_STYLE = Automatic;
				INFOPLIST_FILE = HygieaWasteSortingAppIOSTests/Info.plist;
				LD_RUNPATH_SEARCH_PATHS = (
					"$(inherited)",
					"@executable_path/Frameworks",
					"@loader_path/Frameworks",
				);
				PRODUCT_BUNDLE_IDENTIFIER = edu.asu.bsse.halgham2.HygieaWasteSortingAppIOSTests;
				PRODUCT_NAME = "$(TARGET_NAME)";
				SWIFT_VERSION = 4.2;
				TARGETED_DEVICE_FAMILY = "1,2";
				TEST_HOST = "$(BUILT_PRODUCTS_DIR)/HygieaWasteSortingAppIOS.app/HygieaWasteSortingAppIOS";
			};
			name = Release;
		};
		2C95D77E21780D7500A04143 /* Debug */ = {
			isa = XCBuildConfiguration;
			baseConfigurationReference = 83CCC5394595CE5BC7E98B1D /* Pods-HygieaWasteSortingAppIOSUITests.debug.xcconfig */;
			buildSettings = {
				ALWAYS_EMBED_SWIFT_STANDARD_LIBRARIES = YES;
				CODE_SIGN_STYLE = Automatic;
				INFOPLIST_FILE = HygieaWasteSortingAppIOSUITests/Info.plist;
				LD_RUNPATH_SEARCH_PATHS = (
					"$(inherited)",
					"@executable_path/Frameworks",
					"@loader_path/Frameworks",
				);
				PRODUCT_BUNDLE_IDENTIFIER = edu.asu.bsse.halgham2.HygieaWasteSortingAppIOSUITests;
				PRODUCT_NAME = "$(TARGET_NAME)";
				SWIFT_VERSION = 4.2;
				TARGETED_DEVICE_FAMILY = "1,2";
				TEST_TARGET_NAME = HygieaWasteSortingAppIOS;
			};
			name = Debug;
		};
		2C95D77F21780D7500A04143 /* Release */ = {
			isa = XCBuildConfiguration;
			baseConfigurationReference = 9BDD6762DD12D28C16BA5557 /* Pods-HygieaWasteSortingAppIOSUITests.release.xcconfig */;
			buildSettings = {
				ALWAYS_EMBED_SWIFT_STANDARD_LIBRARIES = YES;
				CODE_SIGN_STYLE = Automatic;
				INFOPLIST_FILE = HygieaWasteSortingAppIOSUITests/Info.plist;
				LD_RUNPATH_SEARCH_PATHS = (
					"$(inherited)",
					"@executable_path/Frameworks",
					"@loader_path/Frameworks",
				);
				PRODUCT_BUNDLE_IDENTIFIER = edu.asu.bsse.halgham2.HygieaWasteSortingAppIOSUITests;
				PRODUCT_NAME = "$(TARGET_NAME)";
				SWIFT_VERSION = 4.2;
				TARGETED_DEVICE_FAMILY = "1,2";
				TEST_TARGET_NAME = HygieaWasteSortingAppIOS;
			};
			name = Release;
		};
/* End XCBuildConfiguration section */

/* Begin XCConfigurationList section */
		2C95D74721780D4900A04143 /* Build configuration list for PBXProject "HygieaWasteSortingAppIOS" */ = {
			isa = XCConfigurationList;
			buildConfigurations = (
				2C95D77521780D7500A04143 /* Debug */,
				2C95D77621780D7500A04143 /* Release */,
			);
			defaultConfigurationIsVisible = 0;
			defaultConfigurationName = Release;
		};
		2C95D77721780D7500A04143 /* Build configuration list for PBXNativeTarget "HygieaWasteSortingAppIOS" */ = {
			isa = XCConfigurationList;
			buildConfigurations = (
				2C95D77821780D7500A04143 /* Debug */,
				2C95D77921780D7500A04143 /* Release */,
			);
			defaultConfigurationIsVisible = 0;
			defaultConfigurationName = Release;
		};
		2C95D77A21780D7500A04143 /* Build configuration list for PBXNativeTarget "HygieaWasteSortingAppIOSTests" */ = {
			isa = XCConfigurationList;
			buildConfigurations = (
				2C95D77B21780D7500A04143 /* Debug */,
				2C95D77C21780D7500A04143 /* Release */,
			);
			defaultConfigurationIsVisible = 0;
			defaultConfigurationName = Release;
		};
		2C95D77D21780D7500A04143 /* Build configuration list for PBXNativeTarget "HygieaWasteSortingAppIOSUITests" */ = {
			isa = XCConfigurationList;
			buildConfigurations = (
				2C95D77E21780D7500A04143 /* Debug */,
				2C95D77F21780D7500A04143 /* Release */,
			);
			defaultConfigurationIsVisible = 0;
			defaultConfigurationName = Release;
		};
/* End XCConfigurationList section */

/* Begin XCVersionGroup section */
		2C95D75621780D4A00A04143 /* HygieaWasteSortingAppIOS.xcdatamodeld */ = {
			isa = XCVersionGroup;
			children = (
				2C95D75721780D4A00A04143 /* HygieaWasteSortingAppIOS.xcdatamodel */,
			);
			currentVersion = 2C95D75721780D4A00A04143 /* HygieaWasteSortingAppIOS.xcdatamodel */;
			path = HygieaWasteSortingAppIOS.xcdatamodeld;
			sourceTree = "<group>";
			versionGroupType = wrapper.xcdatamodel;
		};
/* End XCVersionGroup section */
	};
	rootObject = 2C95D74421780D4900A04143 /* Project object */;
}
